Microsoft Visual Studio Solution File, Format Version 12.00
# Visual Studio Version 17
VisualStudioVersion = 17.5.33402.96
MinimumVisualStudioVersion = 10.0.40219.1
Project("{9A19103F-16F7-4668-BE54-9A1E7A4F7556}") = "BlazorWallets.Server", "src\Server\BlazorWallets.Server.csproj", "{5285BDCF-7D55-4260-A9FF-6C2FB67A0C19}"
EndProject
Project("{9A19103F-16F7-4668-BE54-9A1E7A4F7556}") = "BlazorWallets.Client", "src\Client\BlazorWallets.Client.csproj", "{7801422F-07DF-4BC8-90D4-B19CE4E54254}"
EndProject
Project("{9A19103F-16F7-4668-BE54-9A1E7A4F7556}") = "BlazorWallets.Shared", "src\Shared\BlazorWallets.Shared.csproj", "{B5A96BBA-58E2-4FB1-B3C8-D2DA2E792425}"
EndProject
Global
	GlobalSection(SolutionConfigurationPlatforms) = preSolution
		Debug|Any CPU = Debug|Any CPU
		Release|Any CPU = Release|Any CPU
	EndGlobalSection
	GlobalSection(ProjectConfigurationPlatforms) = postSolution
		{5285BDCF-7D55-4260-A9FF-6C2FB67A0C19}.Debug|Any CPU.ActiveCfg = Debug|Any CPU
		{5285BDCF-7D55-4260-A9FF-6C2FB67A0C19}.Debug|Any CPU.Build.0 = Debug|Any CPU
		{5285BDCF-7D55-4260-A9FF-6C2FB67A0C19}.Release|Any CPU.ActiveCfg = Release|Any CPU
		{5285BDCF-7D55-4260-A9FF-6C2FB67A0C19}.Release|Any CPU.Build.0 = Release|Any CPU
		{7801422F-07DF-4BC8-90D4-B19CE4E54254}.Debug|Any CPU.ActiveCfg = Debug|Any CPU
		{7801422F-07DF-4BC8-90D4-B19CE4E54254}.Debug|Any CPU.Build.0 = Debug|Any CPU
		{7801422F-07DF-4BC8-90D4-B19CE4E54254}.Release|Any CPU.ActiveCfg = Release|Any CPU
		{7801422F-07DF-4BC8-90D4-B19CE4E54254}.Release|Any CPU.Build.0 = Release|Any CPU
		{B5A96BBA-58E2-4FB1-B3C8-D2DA2E792425}.Debug|Any CPU.ActiveCfg = Debug|Any CPU
		{B5A96BBA-58E2-4FB1-B3C8-D2DA2E792425}.Debug|Any CPU.Build.0 = Debug|Any CPU
		{B5A96BBA-58E2-4FB1-B3C8-D2DA2E792425}.Release|Any CPU.ActiveCfg = Release|Any CPU
		{B5A96BBA-58E2-4FB1-B3C8-D2DA2E792425}.Release|Any CPU.Build.0 = Release|Any CPU
	EndGlobalSection
	GlobalSection(SolutionProperties) = preSolution
		HideSolutionNode = FALSE
	EndGlobalSection
	GlobalSection(ExtensibilityGlobals) = postSolution
		SolutionGuid = {F1C52C72-75F0-44AB-A641-96751F233A30}
	EndGlobalSection
EndGlobal
